
Microsoft Visual Studio Solution File, Format Version 12.00
# Visual Studio Version 16
VisualStudioVersion = 16.0.30717.126
MinimumVisualStudioVersion = 10.0.40219.1
Project("{FAE04EC0-301F-11D3-BF4B-00C04F79EFBC}") = "NUnitTestTRPrice", "NUnitTestTRPrice.csproj", "{0BF74198-EAA5-48A0-BD33-4B6E2AFEE19B}"
EndProject
Global
	GlobalSection(SolutionConfigurationPlatforms) = preSolution
		Debug|Any CPU = Debug|Any CPU
		Release|Any CPU = Release|Any CPU
	EndGlobalSection
	GlobalSection(ProjectConfigurationPlatforms) = postSolution
		{0BF74198-EAA5-48A0-BD33-4B6E2AFEE19B}.Debug|Any CPU.ActiveCfg = Debug|Any CPU
		{0BF74198-EAA5-48A0-BD33-4B6E2AFEE19B}.Debug|Any CPU.Build.0 = Debug|Any CPU
		{0BF74198-EAA5-48A0-BD33-4B6E2AFEE19B}.Release|Any CPU.ActiveCfg = Release|Any CPU
		{0BF74198-EAA5-48A0-BD33-4B6E2AFEE19B}.Release|Any CPU.Build.0 = Release|Any CPU
	EndGlobalSection
	GlobalSection(SolutionProperties) = preSolution
		HideSolutionNode = FALSE
	EndGlobalSection
	GlobalSection(ExtensibilityGlobals) = postSolution
		SolutionGuid = {27713780-CDDE-4B24-9BDB-B565484E8711}
	EndGlobalSection
EndGlobal
